# This file is generated by running "yarn install" inside your project.
# Manual changes might be lost - proceed with caution!

__metadata:
  version: 6
  cacheKey: 8

"@socket.io/component-emitter@npm:~3.1.0":
  version: 3.1.0
  resolution: "@socket.io/component-emitter@npm:3.1.0"
  checksum: db069d95425b419de1514dffe945cc439795f6a8ef5b9465715acf5b8b50798e2c91b8719cbf5434b3fe7de179d6cdcd503c277b7871cb3dd03febb69bdd50fa
  languageName: node
  linkType: hard

"@types/cookie@npm:^0.4.1":
  version: 0.4.1
  resolution: "@types/cookie@npm:0.4.1"
  checksum: 3275534ed69a76c68eb1a77d547d75f99fedc80befb75a3d1d03662fb08d697e6f8b1274e12af1a74c6896071b11510631ba891f64d30c78528d0ec45a9c1a18
  languageName: node
  linkType: hard

"@types/cors@npm:^2.8.12":
  version: 2.8.14
  resolution: "@types/cors@npm:2.8.14"
  dependencies:
    "@types/node": "*"
  checksum: 119b8ea5760db58542cc66635e8b98b9e859d615e9fc7bfd520c0e2c94063e87759033a4242360e2aa66df2d7d092a406838ac35e8ca7034debf1c69abc27811
  languageName: node
  linkType: hard

"@types/node@npm:*, @types/node@npm:>=10.0.0":
  version: 20.6.2
  resolution: "@types/node@npm:20.6.2"
  checksum: 96fe5303872640a173f3fd43e289a451776ed5b8f0090094447c6790b43f23fb607eea8268af0829cef4d132e5afa0bfa4cd871aa7412e9042a414a698e9e971
  languageName: node
  linkType: hard

"accepts@npm:~1.3.4":
  version: 1.3.8
  resolution: "accepts@npm:1.3.8"
  dependencies:
    mime-types: ~2.1.34
    negotiator: 0.6.3
  checksum: 50c43d32e7b50285ebe84b613ee4a3aa426715a7d131b65b786e2ead0fd76b6b60091b9916d3478a75f11f162628a2139991b6c03ab3f1d9ab7c86075dc8eab4
  languageName: node
  linkType: hard

"ale@npm:*":
  version: 0.1.1
  resolution: "ale@npm:0.1.1"
  dependencies:
    coffee-script: "*"
  checksum: 58ad82d5eb2edb9ad77b34ccc4b77444a767753a50a1b52f1f1533e9f97dceca6771a511381e4e26ae6204a6c548a209fe064c20da33c52287138560141a6c74
  languageName: node
  linkType: hard

"ansi-regex@npm:^2.0.0":
  version: 2.1.1
  resolution: "ansi-regex@npm:2.1.1"
  checksum: 190abd03e4ff86794f338a31795d262c1dfe8c91f7e01d04f13f646f1dcb16c5800818f886047876f1272f065570ab86b24b99089f8b68a0e11ff19aed4ca8f1
  languageName: node
  linkType: hard

"ansi-styles@npm:^2.2.1":
  version: 2.2.1
  resolution: "ansi-styles@npm:2.2.1"
  checksum: ebc0e00381f2a29000d1dac8466a640ce11943cef3bda3cd0020dc042e31e1058ab59bf6169cd794a54c3a7338a61ebc404b7c91e004092dd20e028c432c9c2c
  languageName: node
  linkType: hard

"async@npm:*":
  version: 3.2.4
  resolution: "async@npm:3.2.4"
  checksum: 43d07459a4e1d09b84a20772414aa684ff4de085cbcaec6eea3c7a8f8150e8c62aa6cd4e699fe8ee93c3a5b324e777d34642531875a0817a35697522c1b02e89
  languageName: node
  linkType: hard

"base64id@npm:2.0.0":
  version: 2.0.0
  resolution: "base64id@npm:2.0.0"
  checksum: 581b1d37e6cf3738b7ccdd4d14fe2bfc5c238e696e2720ee6c44c183b838655842e22034e53ffd783f872a539915c51b0d4728a49c7cc678ac5a758e00d62168
  languageName: node
  linkType: hard

"chalk@npm:^1.1.3":
  version: 1.1.3
  resolution: "chalk@npm:1.1.3"
  dependencies:
    ansi-styles: ^2.2.1
    escape-string-regexp: ^1.0.2
    has-ansi: ^2.0.0
    strip-ansi: ^3.0.0
    supports-color: ^2.0.0
  checksum: 9d2ea6b98fc2b7878829eec223abcf404622db6c48396a9b9257f6d0ead2acf18231ae368d6a664a83f272b0679158da12e97b5229f794939e555cc574478acd
  languageName: node
  linkType: hard

"coffee-script@npm:*":
  version: 1.12.7
  resolution: "coffee-script@npm:1.12.7"
  bin:
    cake: ./bin/cake
    coffee: ./bin/coffee
  checksum: cce8dd15eda581c4c990aefcb0c8b1973713bae6b905baa5916de60e11bdc497fca68c119df20dff72b77c48e871f1bff200b61053526035a64b993b76a90d71
  languageName: node
  linkType: hard

"cookie@npm:~0.4.1":
  version: 0.4.2
  resolution: "cookie@npm:0.4.2"
  checksum: a00833c998bedf8e787b4c342defe5fa419abd96b32f4464f718b91022586b8f1bafbddd499288e75c037642493c83083da426c6a9080d309e3bd90fd11baa9b
  languageName: node
  linkType: hard

"cors@npm:~2.8.5":
  version: 2.8.5
  resolution: "cors@npm:2.8.5"
  dependencies:
    object-assign: ^4
    vary: ^1
  checksum: ced838404ccd184f61ab4fdc5847035b681c90db7ac17e428f3d81d69e2989d2b680cc254da0e2554f5ed4f8a341820a1ce3d1c16b499f6e2f47a1b9b07b5006
  languageName: node
  linkType: hard

"debug@npm:~4.3.1":
  version: 4.3.4
  resolution: "debug@npm:4.3.4"
  dependencies:
    ms: 2.1.2
  peerDependenciesMeta:
    supports-color:
      optional: true
  checksum: 3dbad3f94ea64f34431a9cbf0bafb61853eda57bff2880036153438f50fb5a84f27683ba0d8e5426bf41a8c6ff03879488120cf5b3a761e77953169c0600a708
  languageName: node
  linkType: hard

"emitter-component@npm:*":
  version: 1.1.1
  resolution: "emitter-component@npm:1.1.1"
  checksum: 10e907f507a8c16a318e07595119e58b5c3267528d4e3b962ee9b14fd83c97599e7931ccb983ec551a8de8116955c1d6ae7d213c5b0c920b62c02b7cb8d7a4d7
  languageName: node
  linkType: hard

"engine.io-client@npm:*":
  version: 6.5.2
  resolution: "engine.io-client@npm:6.5.2"
  dependencies:
    "@socket.io/component-emitter": ~3.1.0
    debug: ~4.3.1
    engine.io-parser: ~5.2.1
    ws: ~8.11.0
    xmlhttprequest-ssl: ~2.0.0
  checksum: f93e09b842535a3f3e31b708cd30085b9e08a7a7ebf28f453e50e79e3fccf3f019474a46b41f7dc9164e3b8342c0b5d5a50a45299c1e2465d708c65140d05c92
  languageName: node
  linkType: hard

"engine.io-parser@npm:~5.2.1":
  version: 5.2.1
  resolution: "engine.io-parser@npm:5.2.1"
  checksum: 55b0e8e18500f50c1573675c53597c5552554ead08d3f30ff19fde6409e48f882a8e01f84e9772cd155c18a1d653d06f6bf57b4e1f8b834c63c9eaf3b657b88e
  languageName: node
  linkType: hard

"engine.io@npm:*":
  version: 6.5.2
  resolution: "engine.io@npm:6.5.2"
  dependencies:
    "@types/cookie": ^0.4.1
    "@types/cors": ^2.8.12
    "@types/node": ">=10.0.0"
    accepts: ~1.3.4
    base64id: 2.0.0
    cookie: ~0.4.1
    cors: ~2.8.5
    debug: ~4.3.1
    engine.io-parser: ~5.2.1
    ws: ~8.11.0
  checksum: 2fb1da39932d526cd5033c399978c65d367cce51e6b511a572bcf4a520b863652e26123d7efceee6cef8c96221585eb953a0e541ae25f6009e9ff5149b067ecd
  languageName: node
  linkType: hard

"escape-string-regexp@npm:^1.0.2":
  version: 1.0.5
  resolution: "escape-string-regexp@npm:1.0.5"
  checksum: 6092fda75c63b110c706b6a9bfde8a612ad595b628f0bd2147eea1d3406723020810e591effc7db1da91d80a71a737a313567c5abb3813e8d9c71f4aa595b410
  languageName: node
  linkType: hard

"eventemitter2@npm:*":
  version: 6.4.9
  resolution: "eventemitter2@npm:6.4.9"
  checksum: be59577c1e1c35509c7ba0e2624335c35bbcfd9485b8a977384c6cc6759341ea1a98d3cb9dbaa5cea4fff9b687e504504e3f9c2cc1674cf3bd8a43a7c74ea3eb
  languageName: node
  linkType: hard

"fabiohcnobre.github.io@workspace:.":
  version: 0.0.0-use.local
  resolution: "fabiohcnobre.github.io@workspace:."
  dependencies:
    particle: ^0.1.4
  languageName: unknown
  linkType: soft

"has-ansi@npm:^2.0.0":
  version: 2.0.0
  resolution: "has-ansi@npm:2.0.0"
  dependencies:
    ansi-regex: ^2.0.0
  checksum: 1b51daa0214440db171ff359d0a2d17bc20061164c57e76234f614c91dbd2a79ddd68dfc8ee73629366f7be45a6df5f2ea9de83f52e1ca24433f2cc78c35d8ec
  languageName: node
  linkType: hard

"jayschema@git://github.com/bitmage/jayschema.git":
  version: 0.1.5
  resolution: "jayschema@https://github.com/bitmage/jayschema.git#commit=230604cd66dc360d9d96c9434a4fd58bac4b835d"
  bin:
    jayschema: ./bin/validate.js
  checksum: dc920010057a53d71e62349020163197774de46c95a0fb7009030a69f04430aad1d1277be53be1691fb371a26b3e4032b77f2e2f28510c5fb2a778e7ed3c2ffe
  languageName: node
  linkType: hard

"lodash@npm:*":
  version: 4.17.21
  resolution: "lodash@npm:4.17.21"
  checksum: eb835a2e51d381e561e508ce932ea50a8e5a68f4ebdd771ea240d3048244a8d13658acbd502cd4829768c56f2e16bdd4340b9ea141297d472517b83868e677f7
  languageName: node
  linkType: hard

"mime-db@npm:1.52.0":
  version: 1.52.0
  resolution: "mime-db@npm:1.52.0"
  checksum: 0d99a03585f8b39d68182803b12ac601d9c01abfa28ec56204fa330bc9f3d1c5e14beb049bafadb3dbdf646dfb94b87e24d4ec7b31b7279ef906a8ea9b6a513f
  languageName: node
  linkType: hard

"mime-types@npm:~2.1.34":
  version: 2.1.35
  resolution: "mime-types@npm:2.1.35"
  dependencies:
    mime-db: 1.52.0
  checksum: 89a5b7f1def9f3af5dad6496c5ed50191ae4331cc5389d7c521c8ad28d5fdad2d06fd81baf38fed813dc4e46bb55c8145bb0ff406330818c9cf712fb2e9b3836
  languageName: node
  linkType: hard

"ms@npm:2.1.2":
  version: 2.1.2
  resolution: "ms@npm:2.1.2"
  checksum: 673cdb2c3133eb050c745908d8ce632ed2c02d85640e2edb3ace856a2266a813b30c613569bf3354fdf4ea7d1a1494add3bfa95e2713baa27d0c2c71fc44f58f
  languageName: node
  linkType: hard

"negotiator@npm:0.6.3":
  version: 0.6.3
  resolution: "negotiator@npm:0.6.3"
  checksum: b8ffeb1e262eff7968fc90a2b6767b04cfd9842582a9d0ece0af7049537266e7b2506dfb1d107a32f06dd849ab2aea834d5830f7f4d0e5cb7d36e1ae55d021d9
  languageName: node
  linkType: hard

"object-assign@npm:^4":
  version: 4.1.1
  resolution: "object-assign@npm:4.1.1"
  checksum: fcc6e4ea8c7fe48abfbb552578b1c53e0d194086e2e6bbbf59e0a536381a292f39943c6e9628af05b5528aa5e3318bb30d6b2e53cadaf5b8fe9e12c4b69af23f
  languageName: node
  linkType: hard

"particle@npm:^0.1.4":
  version: 0.1.4
  resolution: "particle@npm:0.1.4"
  dependencies:
    ale: "*"
    coffee-script: "*"
    eventemitter2: "*"
    jayschema: "git://github.com/bitmage/jayschema.git"
    lodash: "*"
    protosock: "*"
    qi: "*"
    relcache: "*"
    torch: "*"
  checksum: b1394c4ba5bf9c6e036522593a75307d43ea0483d1dbf1ff2d36b9ba613902c781fa827c1c986049119d6484eb777bfb3cfba43fb2b6e7f02716acae8bd74dca
  languageName: node
  linkType: hard

"protosock@npm:*":
  version: 0.2.4
  resolution: "protosock@npm:0.2.4"
  dependencies:
    async: "*"
    coffee-script: "*"
    emitter-component: "*"
    engine.io: "*"
    engine.io-client: "*"
  checksum: d382e3c9a4122ff2ebd13245ef824864d6065ef9c9124311ebd8a42b2ac757f5b0712d4826562ac62bed893262075bac2a7381b754dac63a5e685715ce347dde
  languageName: node
  linkType: hard

"qi@npm:*":
  version: 0.0.8
  resolution: "qi@npm:0.0.8"
  checksum: dd4e1c0eee11b3004c06261b4888f55a2972fd2737f170e91d8045c9d9742cea2567d5b4024aec639961a0f4ec65b74526475edc0639588302c2bd6cc4a758af
  languageName: node
  linkType: hard

"relcache@npm:*":
  version: 0.1.2
  resolution: "relcache@npm:0.1.2"
  dependencies:
    ale: "*"
    coffee-script: "*"
    lodash: "*"
    torch: "*"
  checksum: 794c71cb98cef6ef412de945b80f53cd421ff429d4fe4b0266a2c324840da7e36273dc85a184a397d4e679f6fe78a8ba4b70cf2050181247a4997636be949b99
  languageName: node
  linkType: hard

"strip-ansi@npm:^3.0.0":
  version: 3.0.1
  resolution: "strip-ansi@npm:3.0.1"
  dependencies:
    ansi-regex: ^2.0.0
  checksum: 9b974de611ce5075c70629c00fa98c46144043db92ae17748fb780f706f7a789e9989fd10597b7c2053ae8d1513fd707816a91f1879b2f71e6ac0b6a863db465
  languageName: node
  linkType: hard

"supports-color@npm:^2.0.0":
  version: 2.0.0
  resolution: "supports-color@npm:2.0.0"
  checksum: 602538c5812b9006404370b5a4b885d3e2a1f6567d314f8b4a41974ffe7d08e525bf92ae0f9c7030e3b4c78e4e34ace55d6a67a74f1571bc205959f5972f88f0
  languageName: node
  linkType: hard

"torch@npm:*":
  version: 0.2.7
  resolution: "torch@npm:0.2.7"
  dependencies:
    chalk: ^1.1.3
  checksum: 84591371f2c74ed188163bdc3ece55088d3509ece53e844251484d1e495f0a7129670b7b1f54b4390bda052d69d13844fff596e7d7d54b49df85ffb1b1e0f0e6
  languageName: node
  linkType: hard

"vary@npm:^1":
  version: 1.1.2
  resolution: "vary@npm:1.1.2"
  checksum: ae0123222c6df65b437669d63dfa8c36cee20a504101b2fcd97b8bf76f91259c17f9f2b4d70a1e3c6bbcee7f51b28392833adb6b2770b23b01abec84e369660b
  languageName: node
  linkType: hard

"ws@npm:~8.11.0":
  version: 8.11.0
  resolution: "ws@npm:8.11.0"
  peerDependencies:
    bufferutil: ^4.0.1
    utf-8-validate: ^5.0.2
  peerDependenciesMeta:
    bufferutil:
      optional: true
    utf-8-validate:
      optional: true
  checksum: 316b33aba32f317cd217df66dbfc5b281a2f09ff36815de222bc859e3424d83766d9eb2bd4d667de658b6ab7be151f258318fb1da812416b30be13103e5b5c67
  languageName: node
  linkType: hard

"xmlhttprequest-ssl@npm:~2.0.0":
  version: 2.0.0
  resolution: "xmlhttprequest-ssl@npm:2.0.0"
  checksum: 1e98df67f004fec15754392a131343ea92e6ab5ac4d77e842378c5c4e4fd5b6a9134b169d96842cc19422d77b1606b8df84a5685562b3b698cb68441636f827e
  languageName: node
  linkType: hard
